
Microsoft Visual Studio Solution File, Format Version 12.00
# Visual Studio Version 17
VisualStudioVersion = 17.12.35527.113
MinimumVisualStudioVersion = 10.0.40219.1
Project("{FAE04EC0-301F-11D3-BF4B-00C04F79EFBC}") = "BuildingBlocks", "Building_Blocks\BuildingBlocks\BuildingBlocks.csproj", "{68B0D938-2D8A-4E5B-BE73-7A29B37A5830}"
EndProject
Project("{2150E333-8FDC-42A3-9474-1A3956D46DE8}") = "Services", "Services", "{89355A44-F121-4710-9AD2-78D3E5078762}"
EndProject
Project("{FAE04EC0-301F-11D3-BF4B-00C04F79EFBC}") = "TestProductService", "Services\Product\TestProductService\TestProductService.csproj", "{2BCDFBAD-1713-40FF-9CB3-9893C7D766A1}"
EndProject
Project("{E53339B2-1760-4266-BCC7-CA923CBCF16C}") = "docker-compose", "docker-compose.dcproj", "{9D3E0CBD-FE9E-4D4D-9B47-7C4CBC463EC4}"
EndProject
Project("{2150E333-8FDC-42A3-9474-1A3956D46DE8}") = "Building Blocks", "Building Blocks", "{56A068E5-7E16-402F-BA4C-257FE1186D6D}"
EndProject
Project("{FAE04EC0-301F-11D3-BF4B-00C04F79EFBC}") = "TestBuildingBlocks", "Building_Blocks\TestBuildingBlocks\TestBuildingBlocks.csproj", "{6D613238-64AF-4556-9F0A-9B19ACD374FF}"
EndProject
Project("{FAE04EC0-301F-11D3-BF4B-00C04F79EFBC}") = "OrderManagementSystem.Web", "OrderManagementSystem.Web\OrderManagementSystem.Web.csproj", "{DF075B78-A93C-4B1D-9A1B-1B2693E27EAF}"
EndProject
Project("{2150E333-8FDC-42A3-9474-1A3956D46DE8}") = "ProductService.Api", "ProductService.Api", "{BB8DD22F-37CC-4B0F-AC72-8882384E933F}"
EndProject
Project("{FAE04EC0-301F-11D3-BF4B-00C04F79EFBC}") = "ProductService.Api", "Services\Product\Product.Api\Product.Api\ProductService.Api.csproj", "{0FB88D43-0846-4D4E-BF39-E34BE602478F}"
EndProject
Project("{FAE04EC0-301F-11D3-BF4B-00C04F79EFBC}") = "Gateway.Api", "Gateway.Api\Gateway.Api.csproj", "{93EFEA6E-FD3C-4A81-B0A6-8A1007735793}"
EndProject
Project("{FAE04EC0-301F-11D3-BF4B-00C04F79EFBC}") = "ImageService.Api", "Services\Image\ImageService.Api\ImageService.Api.csproj", "{445BD327-4164-4348-8809-698C0959C21F}"
EndProject
Project("{2150E333-8FDC-42A3-9474-1A3956D46DE8}") = "ImageService", "ImageService", "{072D01D8-60A0-45DA-A027-61E0742EB345}"
EndProject
Project("{FAE04EC0-301F-11D3-BF4B-00C04F79EFBC}") = "TestImageService", "Services\Image\TestImageService\TestImageService.csproj", "{7D77702D-DF66-45E6-9301-220966A44F6B}"
EndProject
Project("{FAE04EC0-301F-11D3-BF4B-00C04F79EFBC}") = "BuildingBlocks.Messaging", "Building_Blocks\BuildingBlocks.Messaging\BuildingBlocks.Messaging.csproj", "{2E331BE6-7824-4DA4-A3E8-6C236AA9F4AD}"
EndProject
Project("{FAE04EC0-301F-11D3-BF4B-00C04F79EFBC}") = "BuildingBlock.Messaging.Test", "Building_Blocks\BuildingBlock.Messaging.Test\BuildingBlock.Messaging.Test.csproj", "{28987654-9597-4C9B-A0E7-66D9D4562B6F}"
EndProject
Global
	GlobalSection(SolutionConfigurationPlatforms) = preSolution
		Debug|Any CPU = Debug|Any CPU
		Release|Any CPU = Release|Any CPU
	EndGlobalSection
	GlobalSection(ProjectConfigurationPlatforms) = postSolution
		{68B0D938-2D8A-4E5B-BE73-7A29B37A5830}.Debug|Any CPU.ActiveCfg = Debug|Any CPU
		{68B0D938-2D8A-4E5B-BE73-7A29B37A5830}.Debug|Any CPU.Build.0 = Debug|Any CPU
		{68B0D938-2D8A-4E5B-BE73-7A29B37A5830}.Release|Any CPU.ActiveCfg = Release|Any CPU
		{68B0D938-2D8A-4E5B-BE73-7A29B37A5830}.Release|Any CPU.Build.0 = Release|Any CPU
		{2BCDFBAD-1713-40FF-9CB3-9893C7D766A1}.Debug|Any CPU.ActiveCfg = Debug|Any CPU
		{2BCDFBAD-1713-40FF-9CB3-9893C7D766A1}.Debug|Any CPU.Build.0 = Debug|Any CPU
		{2BCDFBAD-1713-40FF-9CB3-9893C7D766A1}.Release|Any CPU.ActiveCfg = Release|Any CPU
		{2BCDFBAD-1713-40FF-9CB3-9893C7D766A1}.Release|Any CPU.Build.0 = Release|Any CPU
		{9D3E0CBD-FE9E-4D4D-9B47-7C4CBC463EC4}.Debug|Any CPU.ActiveCfg = Debug|Any CPU
		{9D3E0CBD-FE9E-4D4D-9B47-7C4CBC463EC4}.Debug|Any CPU.Build.0 = Debug|Any CPU
		{9D3E0CBD-FE9E-4D4D-9B47-7C4CBC463EC4}.Release|Any CPU.ActiveCfg = Release|Any CPU
		{9D3E0CBD-FE9E-4D4D-9B47-7C4CBC463EC4}.Release|Any CPU.Build.0 = Release|Any CPU
		{6D613238-64AF-4556-9F0A-9B19ACD374FF}.Debug|Any CPU.ActiveCfg = Debug|Any CPU
		{6D613238-64AF-4556-9F0A-9B19ACD374FF}.Debug|Any CPU.Build.0 = Debug|Any CPU
		{6D613238-64AF-4556-9F0A-9B19ACD374FF}.Release|Any CPU.ActiveCfg = Release|Any CPU
		{6D613238-64AF-4556-9F0A-9B19ACD374FF}.Release|Any CPU.Build.0 = Release|Any CPU
		{DF075B78-A93C-4B1D-9A1B-1B2693E27EAF}.Debug|Any CPU.ActiveCfg = Debug|Any CPU
		{DF075B78-A93C-4B1D-9A1B-1B2693E27EAF}.Debug|Any CPU.Build.0 = Debug|Any CPU
		{DF075B78-A93C-4B1D-9A1B-1B2693E27EAF}.Release|Any CPU.ActiveCfg = Release|Any CPU
		{DF075B78-A93C-4B1D-9A1B-1B2693E27EAF}.Release|Any CPU.Build.0 = Release|Any CPU
		{0FB88D43-0846-4D4E-BF39-E34BE602478F}.Debug|Any CPU.ActiveCfg = Debug|Any CPU
		{0FB88D43-0846-4D4E-BF39-E34BE602478F}.Debug|Any CPU.Build.0 = Debug|Any CPU
		{0FB88D43-0846-4D4E-BF39-E34BE602478F}.Release|Any CPU.ActiveCfg = Release|Any CPU
		{0FB88D43-0846-4D4E-BF39-E34BE602478F}.Release|Any CPU.Build.0 = Release|Any CPU
		{93EFEA6E-FD3C-4A81-B0A6-8A1007735793}.Debug|Any CPU.ActiveCfg = Debug|Any CPU
		{93EFEA6E-FD3C-4A81-B0A6-8A1007735793}.Debug|Any CPU.Build.0 = Debug|Any CPU
		{93EFEA6E-FD3C-4A81-B0A6-8A1007735793}.Release|Any CPU.ActiveCfg = Release|Any CPU
		{93EFEA6E-FD3C-4A81-B0A6-8A1007735793}.Release|Any CPU.Build.0 = Release|Any CPU
		{445BD327-4164-4348-8809-698C0959C21F}.Debug|Any CPU.ActiveCfg = Debug|Any CPU
		{445BD327-4164-4348-8809-698C0959C21F}.Debug|Any CPU.Build.0 = Debug|Any CPU
		{445BD327-4164-4348-8809-698C0959C21F}.Release|Any CPU.ActiveCfg = Release|Any CPU
		{445BD327-4164-4348-8809-698C0959C21F}.Release|Any CPU.Build.0 = Release|Any CPU
		{7D77702D-DF66-45E6-9301-220966A44F6B}.Debug|Any CPU.ActiveCfg = Debug|Any CPU
		{7D77702D-DF66-45E6-9301-220966A44F6B}.Debug|Any CPU.Build.0 = Debug|Any CPU
		{7D77702D-DF66-45E6-9301-220966A44F6B}.Release|Any CPU.ActiveCfg = Release|Any CPU
		{7D77702D-DF66-45E6-9301-220966A44F6B}.Release|Any CPU.Build.0 = Release|Any CPU
		{2E331BE6-7824-4DA4-A3E8-6C236AA9F4AD}.Debug|Any CPU.ActiveCfg = Debug|Any CPU
		{2E331BE6-7824-4DA4-A3E8-6C236AA9F4AD}.Debug|Any CPU.Build.0 = Debug|Any CPU
		{2E331BE6-7824-4DA4-A3E8-6C236AA9F4AD}.Release|Any CPU.ActiveCfg = Release|Any CPU
		{2E331BE6-7824-4DA4-A3E8-6C236AA9F4AD}.Release|Any CPU.Build.0 = Release|Any CPU
		{28987654-9597-4C9B-A0E7-66D9D4562B6F}.Debug|Any CPU.ActiveCfg = Debug|Any CPU
		{28987654-9597-4C9B-A0E7-66D9D4562B6F}.Debug|Any CPU.Build.0 = Debug|Any CPU
		{28987654-9597-4C9B-A0E7-66D9D4562B6F}.Release|Any CPU.ActiveCfg = Release|Any CPU
		{28987654-9597-4C9B-A0E7-66D9D4562B6F}.Release|Any CPU.Build.0 = Release|Any CPU
	EndGlobalSection
	GlobalSection(SolutionProperties) = preSolution
		HideSolutionNode = FALSE
	EndGlobalSection
	GlobalSection(NestedProjects) = preSolution
		{68B0D938-2D8A-4E5B-BE73-7A29B37A5830} = {56A068E5-7E16-402F-BA4C-257FE1186D6D}
		{2BCDFBAD-1713-40FF-9CB3-9893C7D766A1} = {BB8DD22F-37CC-4B0F-AC72-8882384E933F}
		{6D613238-64AF-4556-9F0A-9B19ACD374FF} = {56A068E5-7E16-402F-BA4C-257FE1186D6D}
		{BB8DD22F-37CC-4B0F-AC72-8882384E933F} = {89355A44-F121-4710-9AD2-78D3E5078762}
		{0FB88D43-0846-4D4E-BF39-E34BE602478F} = {BB8DD22F-37CC-4B0F-AC72-8882384E933F}
		{445BD327-4164-4348-8809-698C0959C21F} = {072D01D8-60A0-45DA-A027-61E0742EB345}
		{072D01D8-60A0-45DA-A027-61E0742EB345} = {89355A44-F121-4710-9AD2-78D3E5078762}
		{7D77702D-DF66-45E6-9301-220966A44F6B} = {072D01D8-60A0-45DA-A027-61E0742EB345}
		{2E331BE6-7824-4DA4-A3E8-6C236AA9F4AD} = {56A068E5-7E16-402F-BA4C-257FE1186D6D}
		{28987654-9597-4C9B-A0E7-66D9D4562B6F} = {56A068E5-7E16-402F-BA4C-257FE1186D6D}
	EndGlobalSection
EndGlobal
