
Microsoft Visual Studio Solution File, Format Version 12.00
# Visual Studio Version 17
VisualStudioVersion = 17.12.35527.113
MinimumVisualStudioVersion = 10.0.40219.1
Project("{FAE04EC0-301F-11D3-BF4B-00C04F79EFBC}") = "ProductService", "Services\Product\ProductService\ProductService.csproj", "{3BE0F722-48E6-4AA9-98E1-C24FEE223D29}"
EndProject
Project("{FAE04EC0-301F-11D3-BF4B-00C04F79EFBC}") = "GatewayApi", "GatewayApi\GatewayApi.csproj", "{A7AFE4B1-E890-4799-8756-478657CA36A1}"
EndProject
Project("{FAE04EC0-301F-11D3-BF4B-00C04F79EFBC}") = "BuildingBlocks", "BuildingBlocks\BuildingBlocks.csproj", "{68B0D938-2D8A-4E5B-BE73-7A29B37A5830}"
EndProject
Project("{2150E333-8FDC-42A3-9474-1A3956D46DE8}") = "Services", "Services", "{89355A44-F121-4710-9AD2-78D3E5078762}"
EndProject
Project("{2150E333-8FDC-42A3-9474-1A3956D46DE8}") = "Product", "Product", "{34054587-A1B9-4B80-8614-D5EA90D4722A}"
EndProject
Project("{FAE04EC0-301F-11D3-BF4B-00C04F79EFBC}") = "TestProductService", "Services\Product\TestProductService\TestProductService.csproj", "{2BCDFBAD-1713-40FF-9CB3-9893C7D766A1}"
EndProject
Project("{E53339B2-1760-4266-BCC7-CA923CBCF16C}") = "docker-compose", "docker-compose.dcproj", "{A94511E4-B05E-43A7-A2D2-A54ED90C2076}"
EndProject
Global
	GlobalSection(SolutionConfigurationPlatforms) = preSolution
		Debug|Any CPU = Debug|Any CPU
		Release|Any CPU = Release|Any CPU
	EndGlobalSection
	GlobalSection(ProjectConfigurationPlatforms) = postSolution
		{3BE0F722-48E6-4AA9-98E1-C24FEE223D29}.Debug|Any CPU.ActiveCfg = Debug|Any CPU
		{3BE0F722-48E6-4AA9-98E1-C24FEE223D29}.Debug|Any CPU.Build.0 = Debug|Any CPU
		{3BE0F722-48E6-4AA9-98E1-C24FEE223D29}.Release|Any CPU.ActiveCfg = Release|Any CPU
		{3BE0F722-48E6-4AA9-98E1-C24FEE223D29}.Release|Any CPU.Build.0 = Release|Any CPU
		{A7AFE4B1-E890-4799-8756-478657CA36A1}.Debug|Any CPU.ActiveCfg = Debug|Any CPU
		{A7AFE4B1-E890-4799-8756-478657CA36A1}.Debug|Any CPU.Build.0 = Debug|Any CPU
		{A7AFE4B1-E890-4799-8756-478657CA36A1}.Release|Any CPU.ActiveCfg = Release|Any CPU
		{A7AFE4B1-E890-4799-8756-478657CA36A1}.Release|Any CPU.Build.0 = Release|Any CPU
		{68B0D938-2D8A-4E5B-BE73-7A29B37A5830}.Debug|Any CPU.ActiveCfg = Debug|Any CPU
		{68B0D938-2D8A-4E5B-BE73-7A29B37A5830}.Debug|Any CPU.Build.0 = Debug|Any CPU
		{68B0D938-2D8A-4E5B-BE73-7A29B37A5830}.Release|Any CPU.ActiveCfg = Release|Any CPU
		{68B0D938-2D8A-4E5B-BE73-7A29B37A5830}.Release|Any CPU.Build.0 = Release|Any CPU
		{2BCDFBAD-1713-40FF-9CB3-9893C7D766A1}.Debug|Any CPU.ActiveCfg = Debug|Any CPU
		{2BCDFBAD-1713-40FF-9CB3-9893C7D766A1}.Debug|Any CPU.Build.0 = Debug|Any CPU
		{2BCDFBAD-1713-40FF-9CB3-9893C7D766A1}.Release|Any CPU.ActiveCfg = Release|Any CPU
		{2BCDFBAD-1713-40FF-9CB3-9893C7D766A1}.Release|Any CPU.Build.0 = Release|Any CPU
		{A94511E4-B05E-43A7-A2D2-A54ED90C2076}.Debug|Any CPU.ActiveCfg = Debug|Any CPU
		{A94511E4-B05E-43A7-A2D2-A54ED90C2076}.Debug|Any CPU.Build.0 = Debug|Any CPU
		{A94511E4-B05E-43A7-A2D2-A54ED90C2076}.Release|Any CPU.ActiveCfg = Release|Any CPU
		{A94511E4-B05E-43A7-A2D2-A54ED90C2076}.Release|Any CPU.Build.0 = Release|Any CPU
	EndGlobalSection
	GlobalSection(SolutionProperties) = preSolution
		HideSolutionNode = FALSE
	EndGlobalSection
	GlobalSection(NestedProjects) = preSolution
		{3BE0F722-48E6-4AA9-98E1-C24FEE223D29} = {34054587-A1B9-4B80-8614-D5EA90D4722A}
		{34054587-A1B9-4B80-8614-D5EA90D4722A} = {89355A44-F121-4710-9AD2-78D3E5078762}
		{2BCDFBAD-1713-40FF-9CB3-9893C7D766A1} = {34054587-A1B9-4B80-8614-D5EA90D4722A}
	EndGlobalSection
EndGlobal
